// !$*UTF8*$!
{
	archiveVersion = 1;
	classes = {
	};
	objectVersion = 56;
	objects = {

/* Begin PBXBuildFile section */
		6FA1EC9F2A053DCE0040492E /* TourBasesAppApp.swift in Sources */ = {isa = PBXBuildFile; fileRef = 6FA1EC9E2A053DCE0040492E /* TourBasesAppApp.swift */; };
		6FA1ECA12A053DCE0040492E /* ContentView.swift in Sources */ = {isa = PBXBuildFile; fileRef = 6FA1ECA02A053DCE0040492E /* ContentView.swift */; };
		6FA1ECA32A053DD00040492E /* Assets.xcassets in Resources */ = {isa = PBXBuildFile; fileRef = 6FA1ECA22A053DD00040492E /* Assets.xcassets */; };
		6FA1ECA62A053DD00040492E /* Preview Assets.xcassets in Resources */ = {isa = PBXBuildFile; fileRef = 6FA1ECA52A053DD00040492E /* Preview Assets.xcassets */; };
		6FA1ECB02A053DD00040492E /* TourBasesAppTests.swift in Sources */ = {isa = PBXBuildFile; fileRef = 6FA1ECAF2A053DD00040492E /* TourBasesAppTests.swift */; };
		6FA1ECBA2A053DD00040492E /* TourBasesAppUITests.swift in Sources */ = {isa = PBXBuildFile; fileRef = 6FA1ECB92A053DD00040492E /* TourBasesAppUITests.swift */; };
		6FA1ECBC2A053DD00040492E /* TourBasesAppUITestsLaunchTests.swift in Sources */ = {isa = PBXBuildFile; fileRef = 6FA1ECBB2A053DD00040492E /* TourBasesAppUITestsLaunchTests.swift */; };
/* End PBXBuildFile section */

/* Begin PBXContainerItemProxy section */
		6FA1ECAC2A053DD00040492E /* PBXContainerItemProxy */ = {
			isa = PBXContainerItemProxy;
			containerPortal = 6FA1EC932A053DCE0040492E /* Project object */;
			proxyType = 1;
			remoteGlobalIDString = 6FA1EC9A2A053DCE0040492E;
			remoteInfo = TourBasesApp;
		};
		6FA1ECB62A053DD00040492E /* PBXContainerItemProxy */ = {
			isa = PBXContainerItemProxy;
			containerPortal = 6FA1EC932A053DCE0040492E /* Project object */;
			proxyType = 1;
			remoteGlobalIDString = 6FA1EC9A2A053DCE0040492E;
			remoteInfo = TourBasesApp;
		};
/* End PBXContainerItemProxy section */

/* Begin PBXFileReference section */
		6FA1EC9B2A053DCE0040492E /* TourBasesApp.app */ = {isa = PBXFileReference; explicitFileType = wrapper.application; includeInIndex = 0; path = TourBasesApp.app; sourceTree = BUILT_PRODUCTS_DIR; };
		6FA1EC9E2A053DCE0040492E /* TourBasesAppApp.swift */ = {isa = PBXFileReference; lastKnownFileType = sourcecode.swift; path = TourBasesAppApp.swift; sourceTree = "<group>"; };
		6FA1ECA02A053DCE0040492E /* ContentView.swift */ = {isa = PBXFileReference; lastKnownFileType = sourcecode.swift; path = ContentView.swift; sourceTree = "<group>"; };
		6FA1ECA22A053DD00040492E /* Assets.xcassets */ = {isa = PBXFileReference; lastKnownFileType = folder.assetcatalog; path = Assets.xcassets; sourceTree = "<group>"; };
		6FA1ECA52A053DD00040492E /* Preview Assets.xcassets */ = {isa = PBXFileReference; lastKnownFileType = folder.assetcatalog; path = "Preview Assets.xcassets"; sourceTree = "<group>"; };
		6FA1ECAB2A053DD00040492E /* TourBasesAppTests.xctest */ = {isa = PBXFileReference; explicitFileType = wrapper.cfbundle; includeInIndex = 0; path = TourBasesAppTests.xctest; sourceTree = BUILT_PRODUCTS_DIR; };
		6FA1ECAF2A053DD00040492E /* TourBasesAppTests.swift */ = {isa = PBXFileReference; lastKnownFileType = sourcecode.swift; path = TourBasesAppTests.swift; sourceTree = "<group>"; };
		6FA1ECB52A053DD00040492E /* TourBasesAppUITests.xctest */ = {isa = PBXFileReference; explicitFileType = wrapper.cfbundle; includeInIndex = 0; path = TourBasesAppUITests.xctest; sourceTree = BUILT_PRODUCTS_DIR; };
		6FA1ECB92A053DD00040492E /* TourBasesAppUITests.swift */ = {isa = PBXFileReference; lastKnownFileType = sourcecode.swift; path = TourBasesAppUITests.swift; sourceTree = "<group>"; };
		6FA1ECBB2A053DD00040492E /* TourBasesAppUITestsLaunchTests.swift */ = {isa = PBXFileReference; lastKnownFileType = sourcecode.swift; path = TourBasesAppUITestsLaunchTests.swift; sourceTree = "<group>"; };
/* End PBXFileReference section */

/* Begin PBXFrameworksBuildPhase section */
		6FA1EC982A053DCE0040492E /* Frameworks */ = {
			isa = PBXFrameworksBuildPhase;
			buildActionMask = 2147483647;
			files = (
			);
			runOnlyForDeploymentPostprocessing = 0;
		};
		6FA1ECA82A053DD00040492E /* Frameworks */ = {
			isa = PBXFrameworksBuildPhase;
			buildActionMask = 2147483647;
			files = (
			);
			runOnlyForDeploymentPostprocessing = 0;
		};
		6FA1ECB22A053DD00040492E /* Frameworks */ = {
			isa = PBXFrameworksBuildPhase;
			buildActionMask = 2147483647;
			files = (
			);
			runOnlyForDeploymentPostprocessing = 0;
		};
/* End PBXFrameworksBuildPhase section */

/* Begin PBXGroup section */
		6FA1EC922A053DCE0040492E = {
			isa = PBXGroup;
			children = (
				6FA1EC9D2A053DCE0040492E /* TourBasesApp */,
				6FA1ECAE2A053DD00040492E /* TourBasesAppTests */,
				6FA1ECB82A053DD00040492E /* TourBasesAppUITests */,
				6FA1EC9C2A053DCE0040492E /* Products */,
			);
			sourceTree = "<group>";
		};
		6FA1EC9C2A053DCE0040492E /* Products */ = {
			isa = PBXGroup;
			children = (
				6FA1EC9B2A053DCE0040492E /* TourBasesApp.app */,
				6FA1ECAB2A053DD00040492E /* TourBasesAppTests.xctest */,
				6FA1ECB52A053DD00040492E /* TourBasesAppUITests.xctest */,
			);
			name = Products;
			sourceTree = "<group>";
		};
		6FA1EC9D2A053DCE0040492E /* TourBasesApp */ = {
			isa = PBXGroup;
			children = (
				6FA1EC9E2A053DCE0040492E /* TourBasesAppApp.swift */,
				6FA1ECA02A053DCE0040492E /* ContentView.swift */,
				6FA1ECA22A053DD00040492E /* Assets.xcassets */,
				6FA1ECA42A053DD00040492E /* Preview Content */,
			);
			path = TourBasesApp;
			sourceTree = "<group>";
		};
		6FA1ECA42A053DD00040492E /* Preview Content */ = {
			isa = PBXGroup;
			children = (
				6FA1ECA52A053DD00040492E /* Preview Assets.xcassets */,
			);
			path = "Preview Content";
			sourceTree = "<group>";
		};
		6FA1ECAE2A053DD00040492E /* TourBasesAppTests */ = {
			isa = PBXGroup;
			children = (
				6FA1ECAF2A053DD00040492E /* TourBasesAppTests.swift */,
			);
			path = TourBasesAppTests;
			sourceTree = "<group>";
		};
		6FA1ECB82A053DD00040492E /* TourBasesAppUITests */ = {
			isa = PBXGroup;
			children = (
				6FA1ECB92A053DD00040492E /* TourBasesAppUITests.swift */,
				6FA1ECBB2A053DD00040492E /* TourBasesAppUITestsLaunchTests.swift */,
			);
			path = TourBasesAppUITests;
			sourceTree = "<group>";
		};
/* End PBXGroup section */

/* Begin PBXNativeTarget section */
		6FA1EC9A2A053DCE0040492E /* TourBasesApp */ = {
			isa = PBXNativeTarget;
			buildConfigurationList = 6FA1ECBF2A053DD00040492E /* Build configuration list for PBXNativeTarget "TourBasesApp" */;
			buildPhases = (
				6FA1EC972A053DCE0040492E /* Sources */,
				6FA1EC982A053DCE0040492E /* Frameworks */,
				6FA1EC992A053DCE0040492E /* Resources */,
			);
			buildRules = (
			);
			dependencies = (
			);
			name = TourBasesApp;
			productName = TourBasesApp;
			productReference = 6FA1EC9B2A053DCE0040492E /* TourBasesApp.app */;
			productType = "com.apple.product-type.application";
		};
		6FA1ECAA2A053DD00040492E /* TourBasesAppTests */ = {
			isa = PBXNativeTarget;
			buildConfigurationList = 6FA1ECC22A053DD00040492E /* Build configuration list for PBXNativeTarget "TourBasesAppTests" */;
			buildPhases = (
				6FA1ECA72A053DD00040492E /* Sources */,
				6FA1ECA82A053DD00040492E /* Frameworks */,
				6FA1ECA92A053DD00040492E /* Resources */,
			);
			buildRules = (
			);
			dependencies = (
				6FA1ECAD2A053DD00040492E /* PBXTargetDependency */,
			);
			name = TourBasesAppTests;
			productName = TourBasesAppTests;
			productReference = 6FA1ECAB2A053DD00040492E /* TourBasesAppTests.xctest */;
			productType = "com.apple.product-type.bundle.unit-test";
		};
		6FA1ECB42A053DD00040492E /* TourBasesAppUITests */ = {
			isa = PBXNativeTarget;
			buildConfigurationList = 6FA1ECC52A053DD00040492E /* Build configuration list for PBXNativeTarget "TourBasesAppUITests" */;
			buildPhases = (
				6FA1ECB12A053DD00040492E /* Sources */,
				6FA1ECB22A053DD00040492E /* Frameworks */,
				6FA1ECB32A053DD00040492E /* Resources */,
			);
			buildRules = (
			);
			dependencies = (
				6FA1ECB72A053DD00040492E /* PBXTargetDependency */,
			);
			name = TourBasesAppUITests;
			productName = TourBasesAppUITests;
			productReference = 6FA1ECB52A053DD00040492E /* TourBasesAppUITests.xctest */;
			productType = "com.apple.product-type.bundle.ui-testing";
		};
/* End PBXNativeTarget section */

/* Begin PBXProject section */
		6FA1EC932A053DCE0040492E /* Project object */ = {
			isa = PBXProject;
			attributes = {
				BuildIndependentTargetsInParallel = 1;
				LastSwiftUpdateCheck = 1430;
				LastUpgradeCheck = 1430;
				TargetAttributes = {
					6FA1EC9A2A053DCE0040492E = {
						CreatedOnToolsVersion = 14.3;
					};
					6FA1ECAA2A053DD00040492E = {
						CreatedOnToolsVersion = 14.3;
						TestTargetID = 6FA1EC9A2A053DCE0040492E;
					};
					6FA1ECB42A053DD00040492E = {
						CreatedOnToolsVersion = 14.3;
						TestTargetID = 6FA1EC9A2A053DCE0040492E;
					};
				};
			};
			buildConfigurationList = 6FA1EC962A053DCE0040492E /* Build configuration list for PBXProject "TourBasesApp" */;
			compatibilityVersion = "Xcode 14.0";
			developmentRegion = en;
			hasScannedForEncodings = 0;
			knownRegions = (
				en,
				Base,
			);
			mainGroup = 6FA1EC922A053DCE0040492E;
			productRefGroup = 6FA1EC9C2A053DCE0040492E /* Products */;
			projectDirPath = "";
			projectRoot = "";
			targets = (
				6FA1EC9A2A053DCE0040492E /* TourBasesApp */,
				6FA1ECAA2A053DD00040492E /* TourBasesAppTests */,
				6FA1ECB42A053DD00040492E /* TourBasesAppUITests */,
			);
		};
/* End PBXProject section */

/* Begin PBXResourcesBuildPhase section */
		6FA1EC992A053DCE0040492E /* Resources */ = {
			isa = PBXResourcesBuildPhase;
			buildActionMask = 2147483647;
			files = (
				6FA1ECA62A053DD00040492E /* Preview Assets.xcassets in Resources */,
				6FA1ECA32A053DD00040492E /* Assets.xcassets in Resources */,
			);
			runOnlyForDeploymentPostprocessing = 0;
		};
		6FA1ECA92A053DD00040492E /* Resources */ = {
			isa = PBXResourcesBuildPhase;
			buildActionMask = 2147483647;
			files = (
			);
			runOnlyForDeploymentPostprocessing = 0;
		};
		6FA1ECB32A053DD00040492E /* Resources */ = {
			isa = PBXResourcesBuildPhase;
			buildActionMask = 2147483647;
			files = (
			);
			runOnlyForDeploymentPostprocessing = 0;
		};
/* End PBXResourcesBuildPhase section */

/* Begin PBXSourcesBuildPhase section */
		6FA1EC972A053DCE0040492E /* Sources */ = {
			isa = PBXSourcesBuildPhase;
			buildActionMask = 2147483647;
			files = (
				6FA1ECA12A053DCE0040492E /* ContentView.swift in Sources */,
				6FA1EC9F2A053DCE0040492E /* TourBasesAppApp.swift in Sources */,
			);
			runOnlyForDeploymentPostprocessing = 0;
		};
		6FA1ECA72A053DD00040492E /* Sources */ = {
			isa = PBXSourcesBuildPhase;
			buildActionMask = 2147483647;
			files = (
				6FA1ECB02A053DD00040492E /* TourBasesAppTests.swift in Sources */,
			);
			runOnlyForDeploymentPostprocessing = 0;
		};
		6FA1ECB12A053DD00040492E /* Sources */ = {
			isa = PBXSourcesBuildPhase;
			buildActionMask = 2147483647;
			files = (
				6FA1ECBA2A053DD00040492E /* TourBasesAppUITests.swift in Sources */,
				6FA1ECBC2A053DD00040492E /* TourBasesAppUITestsLaunchTests.swift in Sources */,
			);
			runOnlyForDeploymentPostprocessing = 0;
		};
/* End PBXSourcesBuildPhase section */

/* Begin PBXTargetDependency section */
		6FA1ECAD2A053DD00040492E /* PBXTargetDependency */ = {
			isa = PBXTargetDependency;
			target = 6FA1EC9A2A053DCE0040492E /* TourBasesApp */;
			targetProxy = 6FA1ECAC2A053DD00040492E /* PBXContainerItemProxy */;
		};
		6FA1ECB72A053DD00040492E /* PBXTargetDependency */ = {
			isa = PBXTargetDependency;
			target = 6FA1EC9A2A053DCE0040492E /* TourBasesApp */;
			targetProxy = 6FA1ECB62A053DD00040492E /* PBXContainerItemProxy */;
		};
/* End PBXTargetDependency section */

/* Begin XCBuildConfiguration section */
		6FA1ECBD2A053DD00040492E /* Debug */ = {
			isa = XCBuildConfiguration;
			buildSettings = {
				ALWAYS_SEARCH_USER_PATHS = NO;
				CLANG_ANALYZER_NONNULL = YES;
				CLANG_ANALYZER_NUMBER_OBJECT_CONVERSION = YES_AGGRESSIVE;
				CLANG_CXX_LANGUAGE_STANDARD = "gnu++20";
				CLANG_ENABLE_MODULES = YES;
				CLANG_ENABLE_OBJC_ARC = YES;
				CLANG_ENABLE_OBJC_WEAK = YES;
				CLANG_WARN_BLOCK_CAPTURE_AUTORELEASING = YES;
				CLANG_WARN_BOOL_CONVERSION = YES;
				CLANG_WARN_COMMA = YES;
				CLANG_WARN_CONSTANT_CONVERSION = YES;
				CLANG_WARN_DEPRECATED_OBJC_IMPLEMENTATIONS = YES;
				CLANG_WARN_DIRECT_OBJC_ISA_USAGE = YES_ERROR;
				CLANG_WARN_DOCUMENTATION_COMMENTS = YES;
				CLANG_WARN_EMPTY_BODY = YES;
				CLANG_WARN_ENUM_CONVERSION = YES;
				CLANG_WARN_INFINITE_RECURSION = YES;
				CLANG_WARN_INT_CONVERSION = YES;
				CLANG_WARN_NON_LITERAL_NULL_CONVERSION = YES;
				CLANG_WARN_OBJC_IMPLICIT_RETAIN_SELF = YES;
				CLANG_WARN_OBJC_LITERAL_CONVERSION = YES;
				CLANG_WARN_OBJC_ROOT_CLASS = YES_ERROR;
				CLANG_WARN_QUOTED_INCLUDE_IN_FRAMEWORK_HEADER = YES;
				CLANG_WARN_RANGE_LOOP_ANALYSIS = YES;
				CLANG_WARN_STRICT_PROTOTYPES = YES;
				CLANG_WARN_SUSPICIOUS_MOVE = YES;
				CLANG_WARN_UNGUARDED_AVAILABILITY = YES_AGGRESSIVE;
				CLANG_WARN_UNREACHABLE_CODE = YES;
				CLANG_WARN__DUPLICATE_METHOD_MATCH = YES;
				COPY_PHASE_STRIP = NO;
				DEBUG_INFORMATION_FORMAT = dwarf;
				ENABLE_STRICT_OBJC_MSGSEND = YES;
				ENABLE_TESTABILITY = YES;
				GCC_C_LANGUAGE_STANDARD = gnu11;
				GCC_DYNAMIC_NO_PIC = NO;
				GCC_NO_COMMON_BLOCKS = YES;
				GCC_OPTIMIZATION_LEVEL = 0;
				GCC_PREPROCESSOR_DEFINITIONS = (
					"DEBUG=1",
					"$(inherited)",
				);
				GCC_WARN_64_TO_32_BIT_CONVERSION = YES;
				GCC_WARN_ABOUT_RETURN_TYPE = YES_ERROR;
				GCC_WARN_UNDECLARED_SELECTOR = YES;
				GCC_WARN_UNINITIALIZED_AUTOS = YES_AGGRESSIVE;
				GCC_WARN_UNUSED_FUNCTION = YES;
				GCC_WARN_UNUSED_VARIABLE = YES;
				IPHONEOS_DEPLOYMENT_TARGET = 16.4;
				MTL_ENABLE_DEBUG_INFO = INCLUDE_SOURCE;
				MTL_FAST_MATH = YES;
				ONLY_ACTIVE_ARCH = YES;
				SDKROOT = iphoneos;
				SWIFT_ACTIVE_COMPILATION_CONDITIONS = DEBUG;
				SWIFT_OPTIMIZATION_LEVEL = "-Onone";
			};
			name = Debug;
		};
		6FA1ECBE2A053DD00040492E /* Release */ = {
			isa = XCBuildConfiguration;
			buildSettings = {
				ALWAYS_SEARCH_USER_PATHS = NO;
				CLANG_ANALYZER_NONNULL = YES;
				CLANG_ANALYZER_NUMBER_OBJECT_CONVERSION = YES_AGGRESSIVE;
				CLANG_CXX_LANGUAGE_STANDARD = "gnu++20";
				CLANG_ENABLE_MODULES = YES;
				CLANG_ENABLE_OBJC_ARC = YES;
				CLANG_ENABLE_OBJC_WEAK = YES;
				CLANG_WARN_BLOCK_CAPTURE_AUTORELEASING = YES;
				CLANG_WARN_BOOL_CONVERSION = YES;
				CLANG_WARN_COMMA = YES;
				CLANG_WARN_CONSTANT_CONVERSION = YES;
				CLANG_WARN_DEPRECATED_OBJC_IMPLEMENTATIONS = YES;
				CLANG_WARN_DIRECT_OBJC_ISA_USAGE = YES_ERROR;
				CLANG_WARN_DOCUMENTATION_COMMENTS = YES;
				CLANG_WARN_EMPTY_BODY = YES;
				CLANG_WARN_ENUM_CONVERSION = YES;
				CLANG_WARN_INFINITE_RECURSION = YES;
				CLANG_WARN_INT_CONVERSION = YES;
				CLANG_WARN_NON_LITERAL_NULL_CONVERSION = YES;
				CLANG_WARN_OBJC_IMPLICIT_RETAIN_SELF = YES;
				CLANG_WARN_OBJC_LITERAL_CONVERSION = YES;
				CLANG_WARN_OBJC_ROOT_CLASS = YES_ERROR;
				CLANG_WARN_QUOTED_INCLUDE_IN_FRAMEWORK_HEADER = YES;
				CLANG_WARN_RANGE_LOOP_ANALYSIS = YES;
				CLANG_WARN_STRICT_PROTOTYPES = YES;
				CLANG_WARN_SUSPICIOUS_MOVE = YES;
				CLANG_WARN_UNGUARDED_AVAILABILITY = YES_AGGRESSIVE;
				CLANG_WARN_UNREACHABLE_CODE = YES;
				CLANG_WARN__DUPLICATE_METHOD_MATCH = YES;
				COPY_PHASE_STRIP = NO;
				DEBUG_INFORMATION_FORMAT = "dwarf-with-dsym";
				ENABLE_NS_ASSERTIONS = NO;
				ENABLE_STRICT_OBJC_MSGSEND = YES;
				GCC_C_LANGUAGE_STANDARD = gnu11;
				GCC_NO_COMMON_BLOCKS = YES;
				GCC_WARN_64_TO_32_BIT_CONVERSION = YES;
				GCC_WARN_ABOUT_RETURN_TYPE = YES_ERROR;
				GCC_WARN_UNDECLARED_SELECTOR = YES;
				GCC_WARN_UNINITIALIZED_AUTOS = YES_AGGRESSIVE;
				GCC_WARN_UNUSED_FUNCTION = YES;
				GCC_WARN_UNUSED_VARIABLE = YES;
				IPHONEOS_DEPLOYMENT_TARGET = 16.4;
				MTL_ENABLE_DEBUG_INFO = NO;
				MTL_FAST_MATH = YES;
				SDKROOT = iphoneos;
				SWIFT_COMPILATION_MODE = wholemodule;
				SWIFT_OPTIMIZATION_LEVEL = "-O";
				VALIDATE_PRODUCT = YES;
			};
			name = Release;
		};
		6FA1ECC02A053DD00040492E /* Debug */ = {
			isa = XCBuildConfiguration;
			buildSettings = {
				ASSETCATALOG_COMPILER_APPICON_NAME = AppIcon;
				ASSETCATALOG_COMPILER_GLOBAL_ACCENT_COLOR_NAME = AccentColor;
				CODE_SIGN_STYLE = Automatic;
				CURRENT_PROJECT_VERSION = 1;
				DEVELOPMENT_ASSET_PATHS = "\"TourBasesApp/Preview Content\"";
				DEVELOPMENT_TEAM = Y3J9DR9455;
				ENABLE_PREVIEWS = YES;
				GENERATE_INFOPLIST_FILE = YES;
				INFOPLIST_KEY_UIApplicationSceneManifest_Generation = YES;
				INFOPLIST_KEY_UIApplicationSupportsIndirectInputEvents = YES;
				INFOPLIST_KEY_UILaunchScreen_Generation = YES;
				INFOPLIST_KEY_UISupportedInterfaceOrientations_iPad = "UIInterfaceOrientationPortrait UIInterfaceOrientationPortraitUpsideDown UIInterfaceOrientationLandscapeLeft UIInterfaceOrientationLandscapeRight";
				INFOPLIST_KEY_UISupportedInterfaceOrientations_iPhone = "UIInterfaceOrientationPortrait UIInterfaceOrientationLandscapeLeft UIInterfaceOrientationLandscapeRight";
				LD_RUNPATH_SEARCH_PATHS = (
					"$(inherited)",
					"@executable_path/Frameworks",
				);
				MARKETING_VERSION = 1.0;
				PRODUCT_BUNDLE_IDENTIFIER = Kuzmich.TourBasesApp;
				PRODUCT_NAME = "$(TARGET_NAME)";
				SWIFT_EMIT_LOC_STRINGS = YES;
				SWIFT_VERSION = 5.0;
				TARGETED_DEVICE_FAMILY = "1,2";
			};
			name = Debug;
		};
		6FA1ECC12A053DD00040492E /* Release */ = {
			isa = XCBuildConfiguration;
			buildSettings = {
				ASSETCATALOG_COMPILER_APPICON_NAME = AppIcon;
				ASSETCATALOG_COMPILER_GLOBAL_ACCENT_COLOR_NAME = AccentColor;
				CODE_SIGN_STYLE = Automatic;
				CURRENT_PROJECT_VERSION = 1;
				DEVELOPMENT_ASSET_PATHS = "\"TourBasesApp/Preview Content\"";
				DEVELOPMENT_TEAM = Y3J9DR9455;
				ENABLE_PREVIEWS = YES;
				GENERATE_INFOPLIST_FILE = YES;
				INFOPLIST_KEY_UIApplicationSceneManifest_Generation = YES;
				INFOPLIST_KEY_UIApplicationSupportsIndirectInputEvents = YES;
				INFOPLIST_KEY_UILaunchScreen_Generation = YES;
				INFOPLIST_KEY_UISupportedInterfaceOrientations_iPad = "UIInterfaceOrientationPortrait UIInterfaceOrientationPortraitUpsideDown UIInterfaceOrientationLandscapeLeft UIInterfaceOrientationLandscapeRight";
				INFOPLIST_KEY_UISupportedInterfaceOrientations_iPhone = "UIInterfaceOrientationPortrait UIInterfaceOrientationLandscapeLeft UIInterfaceOrientationLandscapeRight";
				LD_RUNPATH_SEARCH_PATHS = (
					"$(inherited)",
					"@executable_path/Frameworks",
				);
				MARKETING_VERSION = 1.0;
				PRODUCT_BUNDLE_IDENTIFIER = Kuzmich.TourBasesApp;
				PRODUCT_NAME = "$(TARGET_NAME)";
				SWIFT_EMIT_LOC_STRINGS = YES;
				SWIFT_VERSION = 5.0;
				TARGETED_DEVICE_FAMILY = "1,2";
			};
			name = Release;
		};
		6FA1ECC32A053DD00040492E /* Debug */ = {
			isa = XCBuildConfiguration;
			buildSettings = {
				ALWAYS_EMBED_SWIFT_STANDARD_LIBRARIES = YES;
				BUNDLE_LOADER = "$(TEST_HOST)";
				CODE_SIGN_STYLE = Automatic;
				CURRENT_PROJECT_VERSION = 1;
				DEVELOPMENT_TEAM = Y3J9DR9455;
				GENERATE_INFOPLIST_FILE = YES;
				IPHONEOS_DEPLOYMENT_TARGET = 16.4;
				MARKETING_VERSION = 1.0;
				PRODUCT_BUNDLE_IDENTIFIER = Kuzmich.TourBasesAppTests;
				PRODUCT_NAME = "$(TARGET_NAME)";
				SWIFT_EMIT_LOC_STRINGS = NO;
				SWIFT_VERSION = 5.0;
				TARGETED_DEVICE_FAMILY = "1,2";
				TEST_HOST = "$(BUILT_PRODUCTS_DIR)/TourBasesApp.app/$(BUNDLE_EXECUTABLE_FOLDER_PATH)/TourBasesApp";
			};
			name = Debug;
		};
		6FA1ECC42A053DD00040492E /* Release */ = {
			isa = XCBuildConfiguration;
			buildSettings = {
				ALWAYS_EMBED_SWIFT_STANDARD_LIBRARIES = YES;
				BUNDLE_LOADER = "$(TEST_HOST)";
				CODE_SIGN_STYLE = Automatic;
				CURRENT_PROJECT_VERSION = 1;
				DEVELOPMENT_TEAM = Y3J9DR9455;
				GENERATE_INFOPLIST_FILE = YES;
				IPHONEOS_DEPLOYMENT_TARGET = 16.4;
				MARKETING_VERSION = 1.0;
				PRODUCT_BUNDLE_IDENTIFIER = Kuzmich.TourBasesAppTests;
				PRODUCT_NAME = "$(TARGET_NAME)";
				SWIFT_EMIT_LOC_STRINGS = NO;
				SWIFT_VERSION = 5.0;
				TARGETED_DEVICE_FAMILY = "1,2";
				TEST_HOST = "$(BUILT_PRODUCTS_DIR)/TourBasesApp.app/$(BUNDLE_EXECUTABLE_FOLDER_PATH)/TourBasesApp";
			};
			name = Release;
		};
		6FA1ECC62A053DD00040492E /* Debug */ = {
			isa = XCBuildConfiguration;
			buildSettings = {
				ALWAYS_EMBED_SWIFT_STANDARD_LIBRARIES = YES;
				CODE_SIGN_STYLE = Automatic;
				CURRENT_PROJECT_VERSION = 1;
				DEVELOPMENT_TEAM = Y3J9DR9455;
				GENERATE_INFOPLIST_FILE = YES;
				MARKETING_VERSION = 1.0;
				PRODUCT_BUNDLE_IDENTIFIER = Kuzmich.TourBasesAppUITests;
				PRODUCT_NAME = "$(TARGET_NAME)";
				SWIFT_EMIT_LOC_STRINGS = NO;
				SWIFT_VERSION = 5.0;
				TARGETED_DEVICE_FAMILY = "1,2";
				TEST_TARGET_NAME = TourBasesApp;
			};
			name = Debug;
		};
		6FA1ECC72A053DD00040492E /* Release */ = {
			isa = XCBuildConfiguration;
			buildSettings = {
				ALWAYS_EMBED_SWIFT_STANDARD_LIBRARIES = YES;
				CODE_SIGN_STYLE = Automatic;
				CURRENT_PROJECT_VERSION = 1;
				DEVELOPMENT_TEAM = Y3J9DR9455;
				GENERATE_INFOPLIST_FILE = YES;
				MARKETING_VERSION = 1.0;
				PRODUCT_BUNDLE_IDENTIFIER = Kuzmich.TourBasesAppUITests;
				PRODUCT_NAME = "$(TARGET_NAME)";
				SWIFT_EMIT_LOC_STRINGS = NO;
				SWIFT_VERSION = 5.0;
				TARGETED_DEVICE_FAMILY = "1,2";
				TEST_TARGET_NAME = TourBasesApp;
			};
			name = Release;
		};
/* End XCBuildConfiguration section */

/* Begin XCConfigurationList section */
		6FA1EC962A053DCE0040492E /* Build configuration list for PBXProject "TourBasesApp" */ = {
			isa = XCConfigurationList;
			buildConfigurations = (
				6FA1ECBD2A053DD00040492E /* Debug */,
				6FA1ECBE2A053DD00040492E /* Release */,
			);
			defaultConfigurationIsVisible = 0;
			defaultConfigurationName = Release;
		};
		6FA1ECBF2A053DD00040492E /* Build configuration list for PBXNativeTarget "TourBasesApp" */ = {
			isa = XCConfigurationList;
			buildConfigurations = (
				6FA1ECC02A053DD00040492E /* Debug */,
				6FA1ECC12A053DD00040492E /* Release */,
			);
			defaultConfigurationIsVisible = 0;
			defaultConfigurationName = Release;
		};
		6FA1ECC22A053DD00040492E /* Build configuration list for PBXNativeTarget "TourBasesAppTests" */ = {
			isa = XCConfigurationList;
			buildConfigurations = (
				6FA1ECC32A053DD00040492E /* Debug */,
				6FA1ECC42A053DD00040492E /* Release */,
			);
			defaultConfigurationIsVisible = 0;
			defaultConfigurationName = Release;
		};
		6FA1ECC52A053DD00040492E /* Build configuration list for PBXNativeTarget "TourBasesAppUITests" */ = {
			isa = XCConfigurationList;
			buildConfigurations = (
				6FA1ECC62A053DD00040492E /* Debug */,
				6FA1ECC72A053DD00040492E /* Release */,
			);
			defaultConfigurationIsVisible = 0;
			defaultConfigurationName = Release;
		};
/* End XCConfigurationList section */
	};
	rootObject = 6FA1EC932A053DCE0040492E /* Project object */;
}
